// !$*UTF8*$!
{
	archiveVersion = 1;
	classes = {
	};
	objectVersion = 56;
	objects = {

/* Begin PBXBuildFile section */
		50D4E47F2B878A7C00DDEEB3 /* main.cpp in Sources */ = {isa = PBXBuildFile; fileRef = 50D4E47E2B878A7C00DDEEB3 /* main.cpp */; };
		50D4E48A2B878B1700DDEEB3 /* Function.cpp in Sources */ = {isa = PBXBuildFile; fileRef = 50D4E4882B878B1700DDEEB3 /* Function.cpp */; };
/* End PBXBuildFile section */

/* Begin PBXCopyFilesBuildPhase section */
		50D4E4792B878A7C00DDEEB3 /* CopyFiles */ = {
			isa = PBXCopyFilesBuildPhase;
			buildActionMask = 2147483647;
			dstPath = /usr/share/man/man1/;
			dstSubfolderSpec = 0;
			files = (
			);
			runOnlyForDeploymentPostprocessing = 1;
		};
/* End PBXCopyFilesBuildPhase section */

/* Begin PBXFileReference section */
		506425EF2B8BF17500FE8F4B /* deletedDepartment.dat */ = {isa = PBXFileReference; fileEncoding = 4; lastKnownFileType = text; name = deletedDepartment.dat; path = "DataBase-lab1/deletedDepartment.dat"; sourceTree = "<group>"; };
		506425F02B8BF18600FE8F4B /* deletedEmployee.dat */ = {isa = PBXFileReference; fileEncoding = 4; lastKnownFileType = text; name = deletedEmployee.dat; path = "DataBase-lab1/deletedEmployee.dat"; sourceTree = "<group>"; };
		506425F12B8BF19200FE8F4B /* department_id_and_numberRecord.dat */ = {isa = PBXFileReference; fileEncoding = 4; lastKnownFileType = text; name = department_id_and_numberRecord.dat; path = "DataBase-lab1/department_id_and_numberRecord.dat"; sourceTree = "<group>"; };
		506425F22B8BF1A200FE8F4B /* departmentId_and_EmployeeId.dat */ = {isa = PBXFileReference; fileEncoding = 4; lastKnownFileType = text; name = departmentId_and_EmployeeId.dat; path = "DataBase-lab1/departmentId_and_EmployeeId.dat"; sourceTree = "<group>"; };
		506425F32B8BF1B100FE8F4B /* employee_id_and_numberRecord.dat */ = {isa = PBXFileReference; fileEncoding = 4; lastKnownFileType = text; name = employee_id_and_numberRecord.dat; path = "DataBase-lab1/employee_id_and_numberRecord.dat"; sourceTree = "<group>"; };
		50D4E47B2B878A7C00DDEEB3 /* DataBase-lab1 */ = {isa = PBXFileReference; explicitFileType = "compiled.mach-o.executable"; includeInIndex = 0; path = "DataBase-lab1"; sourceTree = BUILT_PRODUCTS_DIR; };
		50D4E47E2B878A7C00DDEEB3 /* main.cpp */ = {isa = PBXFileReference; lastKnownFileType = sourcecode.cpp.cpp; path = main.cpp; sourceTree = "<group>"; };
		50D4E4852B878AB200DDEEB3 /* Department.h */ = {isa = PBXFileReference; lastKnownFileType = sourcecode.c.h; path = Department.h; sourceTree = "<group>"; };
		50D4E4862B878ACA00DDEEB3 /* Employee.h */ = {isa = PBXFileReference; lastKnownFileType = sourcecode.c.h; path = Employee.h; sourceTree = "<group>"; };
		50D4E4882B878B1700DDEEB3 /* Function.cpp */ = {isa = PBXFileReference; lastKnownFileType = sourcecode.cpp.cpp; path = Function.cpp; sourceTree = "<group>"; };
		50D4E4892B878B1700DDEEB3 /* Function.hpp */ = {isa = PBXFileReference; lastKnownFileType = sourcecode.cpp.h; path = Function.hpp; sourceTree = "<group>"; };
		50D4E48B2B878ED800DDEEB3 /* Department.dat */ = {isa = PBXFileReference; fileEncoding = 4; lastKnownFileType = text; name = Department.dat; path = "DataBase-lab1/Department.dat"; sourceTree = "<group>"; };
		50D4E48C2B878ED800DDEEB3 /* Employee.dat */ = {isa = PBXFileReference; fileEncoding = 4; lastKnownFileType = text; name = Employee.dat; path = "DataBase-lab1/Employee.dat"; sourceTree = "<group>"; };
/* End PBXFileReference section */

/* Begin PBXFrameworksBuildPhase section */
		50D4E4782B878A7C00DDEEB3 /* Frameworks */ = {
			isa = PBXFrameworksBuildPhase;
			buildActionMask = 2147483647;
			files = (
			);
			runOnlyForDeploymentPostprocessing = 0;
		};
/* End PBXFrameworksBuildPhase section */

/* Begin PBXGroup section */
		50D4E4722B878A7C00DDEEB3 = {
			isa = PBXGroup;
			children = (
				50D4E48B2B878ED800DDEEB3 /* Department.dat */,
				50D4E48C2B878ED800DDEEB3 /* Employee.dat */,
				506425F12B8BF19200FE8F4B /* department_id_and_numberRecord.dat */,
				506425F22B8BF1A200FE8F4B /* departmentId_and_EmployeeId.dat */,
				506425F32B8BF1B100FE8F4B /* employee_id_and_numberRecord.dat */,
				506425EF2B8BF17500FE8F4B /* deletedDepartment.dat */,
				506425F02B8BF18600FE8F4B /* deletedEmployee.dat */,
				50D4E47D2B878A7C00DDEEB3 /* DataBase-lab1 */,
				50D4E47C2B878A7C00DDEEB3 /* Products */,
			);
			sourceTree = "<group>";
		};
		50D4E47C2B878A7C00DDEEB3 /* Products */ = {
			isa = PBXGroup;
			children = (
				50D4E47B2B878A7C00DDEEB3 /* DataBase-lab1 */,
			);
			name = Products;
			sourceTree = "<group>";
		};
		50D4E47D2B878A7C00DDEEB3 /* DataBase-lab1 */ = {
			isa = PBXGroup;
			children = (
				50D4E47E2B878A7C00DDEEB3 /* main.cpp */,
				50D4E4862B878ACA00DDEEB3 /* Employee.h */,
				50D4E4852B878AB200DDEEB3 /* Department.h */,
				50D4E4892B878B1700DDEEB3 /* Function.hpp */,
				50D4E4882B878B1700DDEEB3 /* Function.cpp */,
			);
			path = "DataBase-lab1";
			sourceTree = "<group>";
		};
/* End PBXGroup section */

/* Begin PBXNativeTarget section */
		50D4E47A2B878A7C00DDEEB3 /* DataBase-lab1 */ = {
			isa = PBXNativeTarget;
			buildConfigurationList = 50D4E4822B878A7C00DDEEB3 /* Build configuration list for PBXNativeTarget "DataBase-lab1" */;
			buildPhases = (
				50D4E4772B878A7C00DDEEB3 /* Sources */,
				50D4E4782B878A7C00DDEEB3 /* Frameworks */,
				50D4E4792B878A7C00DDEEB3 /* CopyFiles */,
			);
			buildRules = (
			);
			dependencies = (
			);
			name = "DataBase-lab1";
			productName = "DataBase-lab1";
			productReference = 50D4E47B2B878A7C00DDEEB3 /* DataBase-lab1 */;
			productType = "com.apple.product-type.tool";
		};
/* End PBXNativeTarget section */

/* Begin PBXProject section */
		50D4E4732B878A7C00DDEEB3 /* Project object */ = {
			isa = PBXProject;
			attributes = {
				BuildIndependentTargetsInParallel = 1;
				LastUpgradeCheck = 1500;
				TargetAttributes = {
					50D4E47A2B878A7C00DDEEB3 = {
						CreatedOnToolsVersion = 15.0;
					};
				};
			};
			buildConfigurationList = 50D4E4762B878A7C00DDEEB3 /* Build configuration list for PBXProject "DataBase-lab1" */;
			compatibilityVersion = "Xcode 14.0";
			developmentRegion = en;
			hasScannedForEncodings = 0;
			knownRegions = (
				en,
				Base,
			);
			mainGroup = 50D4E4722B878A7C00DDEEB3;
			productRefGroup = 50D4E47C2B878A7C00DDEEB3 /* Products */;
			projectDirPath = "";
			projectRoot = "";
			targets = (
				50D4E47A2B878A7C00DDEEB3 /* DataBase-lab1 */,
			);
		};
/* End PBXProject section */

/* Begin PBXSourcesBuildPhase section */
		50D4E4772B878A7C00DDEEB3 /* Sources */ = {
			isa = PBXSourcesBuildPhase;
			buildActionMask = 2147483647;
			files = (
				50D4E47F2B878A7C00DDEEB3 /* main.cpp in Sources */,
				50D4E48A2B878B1700DDEEB3 /* Function.cpp in Sources */,
			);
			runOnlyForDeploymentPostprocessing = 0;
		};
/* End PBXSourcesBuildPhase section */

/* Begin XCBuildConfiguration section */
		50D4E4802B878A7C00DDEEB3 /* Debug */ = {
			isa = XCBuildConfiguration;
			buildSettings = {
				ALWAYS_SEARCH_USER_PATHS = NO;
				ASSETCATALOG_COMPILER_GENERATE_SWIFT_ASSET_SYMBOL_EXTENSIONS = YES;
				CLANG_ANALYZER_NONNULL = YES;
				CLANG_ANALYZER_NUMBER_OBJECT_CONVERSION = YES_AGGRESSIVE;
				CLANG_CXX_LANGUAGE_STANDARD = "gnu++20";
				CLANG_ENABLE_MODULES = YES;
				CLANG_ENABLE_OBJC_ARC = YES;
				CLANG_ENABLE_OBJC_WEAK = YES;
				CLANG_WARN_BLOCK_CAPTURE_AUTORELEASING = YES;
				CLANG_WARN_BOOL_CONVERSION = YES;
				CLANG_WARN_COMMA = YES;
				CLANG_WARN_CONSTANT_CONVERSION = YES;
				CLANG_WARN_DEPRECATED_OBJC_IMPLEMENTATIONS = YES;
				CLANG_WARN_DIRECT_OBJC_ISA_USAGE = YES_ERROR;
				CLANG_WARN_DOCUMENTATION_COMMENTS = YES;
				CLANG_WARN_EMPTY_BODY = YES;
				CLANG_WARN_ENUM_CONVERSION = YES;
				CLANG_WARN_INFINITE_RECURSION = YES;
				CLANG_WARN_INT_CONVERSION = YES;
				CLANG_WARN_NON_LITERAL_NULL_CONVERSION = YES;
				CLANG_WARN_OBJC_IMPLICIT_RETAIN_SELF = YES;
				CLANG_WARN_OBJC_LITERAL_CONVERSION = YES;
				CLANG_WARN_OBJC_ROOT_CLASS = YES_ERROR;
				CLANG_WARN_QUOTED_INCLUDE_IN_FRAMEWORK_HEADER = YES;
				CLANG_WARN_RANGE_LOOP_ANALYSIS = YES;
				CLANG_WARN_STRICT_PROTOTYPES = YES;
				CLANG_WARN_SUSPICIOUS_MOVE = YES;
				CLANG_WARN_UNGUARDED_AVAILABILITY = YES_AGGRESSIVE;
				CLANG_WARN_UNREACHABLE_CODE = YES;
				CLANG_WARN__DUPLICATE_METHOD_MATCH = YES;
				COPY_PHASE_STRIP = NO;
				DEBUG_INFORMATION_FORMAT = dwarf;
				ENABLE_STRICT_OBJC_MSGSEND = YES;
				ENABLE_TESTABILITY = YES;
				ENABLE_USER_SCRIPT_SANDBOXING = YES;
				GCC_C_LANGUAGE_STANDARD = gnu17;
				GCC_DYNAMIC_NO_PIC = NO;
				GCC_NO_COMMON_BLOCKS = YES;
				GCC_OPTIMIZATION_LEVEL = 0;
				GCC_PREPROCESSOR_DEFINITIONS = (
					"DEBUG=1",
					"$(inherited)",
				);
				GCC_WARN_64_TO_32_BIT_CONVERSION = YES;
				GCC_WARN_ABOUT_RETURN_TYPE = YES_ERROR;
				GCC_WARN_UNDECLARED_SELECTOR = YES;
				GCC_WARN_UNINITIALIZED_AUTOS = YES_AGGRESSIVE;
				GCC_WARN_UNUSED_FUNCTION = YES;
				GCC_WARN_UNUSED_VARIABLE = YES;
				LOCALIZATION_PREFERS_STRING_CATALOGS = YES;
				MACOSX_DEPLOYMENT_TARGET = 14.0;
				MTL_ENABLE_DEBUG_INFO = INCLUDE_SOURCE;
				MTL_FAST_MATH = YES;
				ONLY_ACTIVE_ARCH = YES;
				SDKROOT = macosx;
			};
			name = Debug;
		};
		50D4E4812B878A7C00DDEEB3 /* Release */ = {
			isa = XCBuildConfiguration;
			buildSettings = {
				ALWAYS_SEARCH_USER_PATHS = NO;
				ASSETCATALOG_COMPILER_GENERATE_SWIFT_ASSET_SYMBOL_EXTENSIONS = YES;
				CLANG_ANALYZER_NONNULL = YES;
				CLANG_ANALYZER_NUMBER_OBJECT_CONVERSION = YES_AGGRESSIVE;
				CLANG_CXX_LANGUAGE_STANDARD = "gnu++20";
				CLANG_ENABLE_MODULES = YES;
				CLANG_ENABLE_OBJC_ARC = YES;
				CLANG_ENABLE_OBJC_WEAK = YES;
				CLANG_WARN_BLOCK_CAPTURE_AUTORELEASING = YES;
				CLANG_WARN_BOOL_CONVERSION = YES;
				CLANG_WARN_COMMA = YES;
				CLANG_WARN_CONSTANT_CONVERSION = YES;
				CLANG_WARN_DEPRECATED_OBJC_IMPLEMENTATIONS = YES;
				CLANG_WARN_DIRECT_OBJC_ISA_USAGE = YES_ERROR;
				CLANG_WARN_DOCUMENTATION_COMMENTS = YES;
				CLANG_WARN_EMPTY_BODY = YES;
				CLANG_WARN_ENUM_CONVERSION = YES;
				CLANG_WARN_INFINITE_RECURSION = YES;
				CLANG_WARN_INT_CONVERSION = YES;
				CLANG_WARN_NON_LITERAL_NULL_CONVERSION = YES;
				CLANG_WARN_OBJC_IMPLICIT_RETAIN_SELF = YES;
				CLANG_WARN_OBJC_LITERAL_CONVERSION = YES;
				CLANG_WARN_OBJC_ROOT_CLASS = YES_ERROR;
				CLANG_WARN_QUOTED_INCLUDE_IN_FRAMEWORK_HEADER = YES;
				CLANG_WARN_RANGE_LOOP_ANALYSIS = YES;
				CLANG_WARN_STRICT_PROTOTYPES = YES;
				CLANG_WARN_SUSPICIOUS_MOVE = YES;
				CLANG_WARN_UNGUARDED_AVAILABILITY = YES_AGGRESSIVE;
				CLANG_WARN_UNREACHABLE_CODE = YES;
				CLANG_WARN__DUPLICATE_METHOD_MATCH = YES;
				COPY_PHASE_STRIP = NO;
				DEBUG_INFORMATION_FORMAT = "dwarf-with-dsym";
				ENABLE_NS_ASSERTIONS = NO;
				ENABLE_STRICT_OBJC_MSGSEND = YES;
				ENABLE_USER_SCRIPT_SANDBOXING = YES;
				GCC_C_LANGUAGE_STANDARD = gnu17;
				GCC_NO_COMMON_BLOCKS = YES;
				GCC_WARN_64_TO_32_BIT_CONVERSION = YES;
				GCC_WARN_ABOUT_RETURN_TYPE = YES_ERROR;
				GCC_WARN_UNDECLARED_SELECTOR = YES;
				GCC_WARN_UNINITIALIZED_AUTOS = YES_AGGRESSIVE;
				GCC_WARN_UNUSED_FUNCTION = YES;
				GCC_WARN_UNUSED_VARIABLE = YES;
				LOCALIZATION_PREFERS_STRING_CATALOGS = YES;
				MACOSX_DEPLOYMENT_TARGET = 14.0;
				MTL_ENABLE_DEBUG_INFO = NO;
				MTL_FAST_MATH = YES;
				SDKROOT = macosx;
			};
			name = Release;
		};
		50D4E4832B878A7C00DDEEB3 /* Debug */ = {
			isa = XCBuildConfiguration;
			buildSettings = {
				CODE_SIGN_STYLE = Automatic;
				PRODUCT_NAME = "$(TARGET_NAME)";
			};
			name = Debug;
		};
		50D4E4842B878A7C00DDEEB3 /* Release */ = {
			isa = XCBuildConfiguration;
			buildSettings = {
				CODE_SIGN_STYLE = Automatic;
				PRODUCT_NAME = "$(TARGET_NAME)";
			};
			name = Release;
		};
/* End XCBuildConfiguration section */

/* Begin XCConfigurationList section */
		50D4E4762B878A7C00DDEEB3 /* Build configuration list for PBXProject "DataBase-lab1" */ = {
			isa = XCConfigurationList;
			buildConfigurations = (
				50D4E4802B878A7C00DDEEB3 /* Debug */,
				50D4E4812B878A7C00DDEEB3 /* Release */,
			);
			defaultConfigurationIsVisible = 0;
			defaultConfigurationName = Release;
		};
		50D4E4822B878A7C00DDEEB3 /* Build configuration list for PBXNativeTarget "DataBase-lab1" */ = {
			isa = XCConfigurationList;
			buildConfigurations = (
				50D4E4832B878A7C00DDEEB3 /* Debug */,
				50D4E4842B878A7C00DDEEB3 /* Release */,
			);
			defaultConfigurationIsVisible = 0;
			defaultConfigurationName = Release;
		};
/* End XCConfigurationList section */
	};
	rootObject = 50D4E4732B878A7C00DDEEB3 /* Project object */;
}
